
Microsoft Visual Studio Solution File, Format Version 12.00
# Visual Studio 15
VisualStudioVersion = 15.0.27703.2026
MinimumVisualStudioVersion = 10.0.40219.1
Project("{8BC9CEB8-8B4A-11D0-8D11-00A0C91BC942}") = "Calculator", "Calculator\Calculator.vcxproj", "{09651E27-A777-48C3-B6E4-5C17D2AA81F5}"
EndProject
Project("{8BC9CEB8-8B4A-11D0-8D11-00A0C91BC942}") = "CalculatorUnitTest", "CalculatorUnitTest\CalculatorUnitTest.vcxproj", "{2BFC3AE5-B97F-4041-B3E1-0CE91C8F4E3A}"
EndProject
Global
	GlobalSection(SolutionConfigurationPlatforms) = preSolution
		Debug|x64 = Debug|x64
		Debug|x86 = Debug|x86
		Release|x64 = Release|x64
		Release|x86 = Release|x86
	EndGlobalSection
	GlobalSection(ProjectConfigurationPlatforms) = postSolution
		{09651E27-A777-48C3-B6E4-5C17D2AA81F5}.Debug|x64.ActiveCfg = Debug|x64
		{09651E27-A777-48C3-B6E4-5C17D2AA81F5}.Debug|x64.Build.0 = Debug|x64
		{09651E27-A777-48C3-B6E4-5C17D2AA81F5}.Debug|x86.ActiveCfg = Debug|Win32
		{09651E27-A777-48C3-B6E4-5C17D2AA81F5}.Debug|x86.Build.0 = Debug|Win32
		{09651E27-A777-48C3-B6E4-5C17D2AA81F5}.Release|x64.ActiveCfg = Release|x64
		{09651E27-A777-48C3-B6E4-5C17D2AA81F5}.Release|x64.Build.0 = Release|x64
		{09651E27-A777-48C3-B6E4-5C17D2AA81F5}.Release|x86.ActiveCfg = Release|Win32
		{09651E27-A777-48C3-B6E4-5C17D2AA81F5}.Release|x86.Build.0 = Release|Win32
		{2BFC3AE5-B97F-4041-B3E1-0CE91C8F4E3A}.Debug|x64.ActiveCfg = Debug|x64
		{2BFC3AE5-B97F-4041-B3E1-0CE91C8F4E3A}.Debug|x64.Build.0 = Debug|x64
		{2BFC3AE5-B97F-4041-B3E1-0CE91C8F4E3A}.Debug|x86.ActiveCfg = Debug|Win32
		{2BFC3AE5-B97F-4041-B3E1-0CE91C8F4E3A}.Debug|x86.Build.0 = Debug|Win32
		{2BFC3AE5-B97F-4041-B3E1-0CE91C8F4E3A}.Release|x64.ActiveCfg = Release|x64
		{2BFC3AE5-B97F-4041-B3E1-0CE91C8F4E3A}.Release|x64.Build.0 = Release|x64
		{2BFC3AE5-B97F-4041-B3E1-0CE91C8F4E3A}.Release|x86.ActiveCfg = Release|Win32
		{2BFC3AE5-B97F-4041-B3E1-0CE91C8F4E3A}.Release|x86.Build.0 = Release|Win32
	EndGlobalSection
	GlobalSection(SolutionProperties) = preSolution
		HideSolutionNode = FALSE
	EndGlobalSection
	GlobalSection(ExtensibilityGlobals) = postSolution
		SolutionGuid = {1E78530F-F9C8-413F-B470-7A3839593418}
	EndGlobalSection
EndGlobal
