Microsoft Visual Studio Solution File, Format Version 12.00
# Visual Studio Version 16
VisualStudioVersion = 16.0.29306.81
MinimumVisualStudioVersion = 10.0.40219.1
Project("{8BC9CEB8-8B4A-11D0-8D11-00A0C91BC942}") = "Calculator", "Calculator.vcxproj", "{F5B2FAEA-7310-4886-9A39-0524A27C64AC}"
EndProject
Project("{8BC9CEB8-8B4A-11D0-8D11-00A0C91BC942}") = "CalculatorUnitTest", "..\CalculatorUnitTest\CalculatorUnitTest.vcxproj", "{F191DA32-EBF2-4B40-88D6-5DC0F4581197}"
EndProject
Global
	GlobalSection(SolutionConfigurationPlatforms) = preSolution
		Debug|x64 = Debug|x64
		Debug|x86 = Debug|x86
		Release|x64 = Release|x64
		Release|x86 = Release|x86
	EndGlobalSection
	GlobalSection(ProjectConfigurationPlatforms) = postSolution
		{F5B2FAEA-7310-4886-9A39-0524A27C64AC}.Debug|x64.ActiveCfg = Debug|x64
		{F5B2FAEA-7310-4886-9A39-0524A27C64AC}.Debug|x64.Build.0 = Debug|x64
		{F5B2FAEA-7310-4886-9A39-0524A27C64AC}.Debug|x86.ActiveCfg = Debug|Win32
		{F5B2FAEA-7310-4886-9A39-0524A27C64AC}.Debug|x86.Build.0 = Debug|Win32
		{F5B2FAEA-7310-4886-9A39-0524A27C64AC}.Release|x64.ActiveCfg = Release|x64
		{F5B2FAEA-7310-4886-9A39-0524A27C64AC}.Release|x64.Build.0 = Release|x64
		{F5B2FAEA-7310-4886-9A39-0524A27C64AC}.Release|x86.ActiveCfg = Release|Win32
		{F5B2FAEA-7310-4886-9A39-0524A27C64AC}.Release|x86.Build.0 = Release|Win32
		{F191DA32-EBF2-4B40-88D6-5DC0F4581197}.Debug|x64.ActiveCfg = Debug|x64
		{F191DA32-EBF2-4B40-88D6-5DC0F4581197}.Debug|x64.Build.0 = Debug|x64
		{F191DA32-EBF2-4B40-88D6-5DC0F4581197}.Debug|x86.ActiveCfg = Debug|Win32
		{F191DA32-EBF2-4B40-88D6-5DC0F4581197}.Debug|x86.Build.0 = Debug|Win32
		{F191DA32-EBF2-4B40-88D6-5DC0F4581197}.Release|x64.ActiveCfg = Release|x64
		{F191DA32-EBF2-4B40-88D6-5DC0F4581197}.Release|x64.Build.0 = Release|x64
		{F191DA32-EBF2-4B40-88D6-5DC0F4581197}.Release|x86.ActiveCfg = Release|Win32
		{F191DA32-EBF2-4B40-88D6-5DC0F4581197}.Release|x86.Build.0 = Release|Win32
	EndGlobalSection
	GlobalSection(SolutionProperties) = preSolution
		HideSolutionNode = FALSE
	EndGlobalSection
	GlobalSection(ExtensibilityGlobals) = postSolution
		SolutionGuid = {297389A6-03A6-41EC-B6F2-AEA200592882}
	EndGlobalSection
EndGlobal
